
Microsoft Visual Studio Solution File, Format Version 12.00
# Visual Studio Version 17
VisualStudioVersion = 17.3.32929.385
MinimumVisualStudioVersion = 10.0.40219.1
Project("{8BC9CEB8-8B4A-11D0-8D11-00A0C91BC942}") = "FriendFunc", "FriendFunc\FriendFunc.vcxproj", "{A8FE77C7-CA07-4997-B18C-4E1E205AE39A}"
EndProject
Global
	GlobalSection(SolutionConfigurationPlatforms) = preSolution
		Debug|x64 = Debug|x64
		Debug|x86 = Debug|x86
		Release|x64 = Release|x64
		Release|x86 = Release|x86
	EndGlobalSection
	GlobalSection(ProjectConfigurationPlatforms) = postSolution
		{A8FE77C7-CA07-4997-B18C-4E1E205AE39A}.Debug|x64.ActiveCfg = Debug|x64
		{A8FE77C7-CA07-4997-B18C-4E1E205AE39A}.Debug|x64.Build.0 = Debug|x64
		{A8FE77C7-CA07-4997-B18C-4E1E205AE39A}.Debug|x86.ActiveCfg = Debug|Win32
		{A8FE77C7-CA07-4997-B18C-4E1E205AE39A}.Debug|x86.Build.0 = Debug|Win32
		{A8FE77C7-CA07-4997-B18C-4E1E205AE39A}.Release|x64.ActiveCfg = Release|x64
		{A8FE77C7-CA07-4997-B18C-4E1E205AE39A}.Release|x64.Build.0 = Release|x64
		{A8FE77C7-CA07-4997-B18C-4E1E205AE39A}.Release|x86.ActiveCfg = Release|Win32
		{A8FE77C7-CA07-4997-B18C-4E1E205AE39A}.Release|x86.Build.0 = Release|Win32
	EndGlobalSection
	GlobalSection(SolutionProperties) = preSolution
		HideSolutionNode = FALSE
	EndGlobalSection
	GlobalSection(ExtensibilityGlobals) = postSolution
		SolutionGuid = {DFE6D925-7870-4970-AB10-34C6BE79D908}
	EndGlobalSection
EndGlobal
